
Microsoft Visual Studio Solution File, Format Version 12.00
# Visual Studio 15
VisualStudioVersion = 15.0.28010.2036
MinimumVisualStudioVersion = 10.0.40219.1
Project("{FAE04EC0-301F-11D3-BF4B-00C04F79EFBC}") = "SignalR", "SignalR\SignalR.csproj", "{C083A5E7-8E01-4714-B8F3-C2F90B88F90F}"
EndProject
Global
	GlobalSection(SolutionConfigurationPlatforms) = preSolution
		Debug|Any CPU = Debug|Any CPU
		Release|Any CPU = Release|Any CPU
	EndGlobalSection
	GlobalSection(ProjectConfigurationPlatforms) = postSolution
		{C083A5E7-8E01-4714-B8F3-C2F90B88F90F}.Debug|Any CPU.ActiveCfg = Debug|Any CPU
		{C083A5E7-8E01-4714-B8F3-C2F90B88F90F}.Debug|Any CPU.Build.0 = Debug|Any CPU
		{C083A5E7-8E01-4714-B8F3-C2F90B88F90F}.Release|Any CPU.ActiveCfg = Release|Any CPU
		{C083A5E7-8E01-4714-B8F3-C2F90B88F90F}.Release|Any CPU.Build.0 = Release|Any CPU
	EndGlobalSection
	GlobalSection(SolutionProperties) = preSolution
		HideSolutionNode = FALSE
	EndGlobalSection
	GlobalSection(ExtensibilityGlobals) = postSolution
		SolutionGuid = {1F557E8D-6356-4328-8CC0-55399B4D4CBB}
	EndGlobalSection
EndGlobal
